
Microsoft Visual Studio Solution File, Format Version 12.00
# Visual Studio 14
VisualStudioVersion = 14.0.25123.0
MinimumVisualStudioVersion = 10.0.40219.1
Project("{FAE04EC0-301F-11D3-BF4B-00C04F79EFBC}") = "CompeticaoDeCorrida", "CompeticaoDeCorrida\CompeticaoDeCorrida.csproj", "{0974C283-9C2F-48C4-B597-80FFDB1B935D}"
EndProject
Global
	GlobalSection(SolutionConfigurationPlatforms) = preSolution
		Debug|Any CPU = Debug|Any CPU
		Release|Any CPU = Release|Any CPU
	EndGlobalSection
	GlobalSection(ProjectConfigurationPlatforms) = postSolution
		{0974C283-9C2F-48C4-B597-80FFDB1B935D}.Debug|Any CPU.ActiveCfg = Debug|Any CPU
		{0974C283-9C2F-48C4-B597-80FFDB1B935D}.Debug|Any CPU.Build.0 = Debug|Any CPU
		{0974C283-9C2F-48C4-B597-80FFDB1B935D}.Release|Any CPU.ActiveCfg = Release|Any CPU
		{0974C283-9C2F-48C4-B597-80FFDB1B935D}.Release|Any CPU.Build.0 = Release|Any CPU
	EndGlobalSection
	GlobalSection(SolutionProperties) = preSolution
		HideSolutionNode = FALSE
	EndGlobalSection
EndGlobal
